
Microsoft Visual Studio Solution File, Format Version 12.00
# Visual Studio Version 17
VisualStudioVersion = 17.0.31903.59
MinimumVisualStudioVersion = 10.0.40219.1
Project("{FAE04EC0-301F-11D3-BF4B-00C04F79EFBC}") = "SqlMaintenanceAgent.Tests", "SqlMaintenanceAgent.Tests\SqlMaintenanceAgent.Tests.csproj", "{525806E9-8D52-4572-B076-10D80D0F8164}"
EndProject
Project("{FAE04EC0-301F-11D3-BF4B-00C04F79EFBC}") = "SqlMaintenanceAgent.App", "SqlMaintenanceAgent.App\SqlMaintenanceAgent.App.csproj", "{2267EE1A-6D05-4D8D-A5D6-8D38619ABCB9}"
EndProject
Global
	GlobalSection(SolutionConfigurationPlatforms) = preSolution
		Debug|Any CPU = Debug|Any CPU
		Debug|x64 = Debug|x64
		Debug|x86 = Debug|x86
		Release|Any CPU = Release|Any CPU
		Release|x64 = Release|x64
		Release|x86 = Release|x86
	EndGlobalSection
	GlobalSection(ProjectConfigurationPlatforms) = postSolution
		{525806E9-8D52-4572-B076-10D80D0F8164}.Debug|Any CPU.ActiveCfg = Debug|Any CPU
		{525806E9-8D52-4572-B076-10D80D0F8164}.Debug|Any CPU.Build.0 = Debug|Any CPU
		{525806E9-8D52-4572-B076-10D80D0F8164}.Debug|x64.ActiveCfg = Debug|Any CPU
		{525806E9-8D52-4572-B076-10D80D0F8164}.Debug|x64.Build.0 = Debug|Any CPU
		{525806E9-8D52-4572-B076-10D80D0F8164}.Debug|x86.ActiveCfg = Debug|Any CPU
		{525806E9-8D52-4572-B076-10D80D0F8164}.Debug|x86.Build.0 = Debug|Any CPU
		{525806E9-8D52-4572-B076-10D80D0F8164}.Release|Any CPU.ActiveCfg = Release|Any CPU
		{525806E9-8D52-4572-B076-10D80D0F8164}.Release|Any CPU.Build.0 = Release|Any CPU
		{525806E9-8D52-4572-B076-10D80D0F8164}.Release|x64.ActiveCfg = Release|Any CPU
		{525806E9-8D52-4572-B076-10D80D0F8164}.Release|x64.Build.0 = Release|Any CPU
		{525806E9-8D52-4572-B076-10D80D0F8164}.Release|x86.ActiveCfg = Release|Any CPU
		{525806E9-8D52-4572-B076-10D80D0F8164}.Release|x86.Build.0 = Release|Any CPU
		{2267EE1A-6D05-4D8D-A5D6-8D38619ABCB9}.Debug|Any CPU.ActiveCfg = Debug|Any CPU
		{2267EE1A-6D05-4D8D-A5D6-8D38619ABCB9}.Debug|Any CPU.Build.0 = Debug|Any CPU
		{2267EE1A-6D05-4D8D-A5D6-8D38619ABCB9}.Debug|x64.ActiveCfg = Debug|Any CPU
		{2267EE1A-6D05-4D8D-A5D6-8D38619ABCB9}.Debug|x64.Build.0 = Debug|Any CPU
		{2267EE1A-6D05-4D8D-A5D6-8D38619ABCB9}.Debug|x86.ActiveCfg = Debug|Any CPU
		{2267EE1A-6D05-4D8D-A5D6-8D38619ABCB9}.Debug|x86.Build.0 = Debug|Any CPU
		{2267EE1A-6D05-4D8D-A5D6-8D38619ABCB9}.Release|Any CPU.ActiveCfg = Release|Any CPU
		{2267EE1A-6D05-4D8D-A5D6-8D38619ABCB9}.Release|Any CPU.Build.0 = Release|Any CPU
		{2267EE1A-6D05-4D8D-A5D6-8D38619ABCB9}.Release|x64.ActiveCfg = Release|Any CPU
		{2267EE1A-6D05-4D8D-A5D6-8D38619ABCB9}.Release|x64.Build.0 = Release|Any CPU
		{2267EE1A-6D05-4D8D-A5D6-8D38619ABCB9}.Release|x86.ActiveCfg = Release|Any CPU
		{2267EE1A-6D05-4D8D-A5D6-8D38619ABCB9}.Release|x86.Build.0 = Release|Any CPU
	EndGlobalSection
	GlobalSection(SolutionProperties) = preSolution
		HideSolutionNode = FALSE
	EndGlobalSection
EndGlobal
